// !$*UTF8*$!
{
	archiveVersion = 1;
	classes = {
	};
	objectVersion = 50;
	objects = {

/* Begin PBXBuildFile section */
		A9BD2603C3F9F6CB2C7405E4 /* Pods_ComplimentUITests.framework in Frameworks */ = {isa = PBXBuildFile; fileRef = 751D24A193DC3FCDCAFBD798 /* Pods_ComplimentUITests.framework */; };
		CD08ECAB2258731300C3EF3B /* AppDelegate.swift in Sources */ = {isa = PBXBuildFile; fileRef = CD08ECAA2258731300C3EF3B /* AppDelegate.swift */; };
		CD08ECAD2258731300C3EF3B /* CreateViewController.swift in Sources */ = {isa = PBXBuildFile; fileRef = CD08ECAC2258731300C3EF3B /* CreateViewController.swift */; };
		CD08ECB22258731400C3EF3B /* Assets.xcassets in Resources */ = {isa = PBXBuildFile; fileRef = CD08ECB12258731400C3EF3B /* Assets.xcassets */; };
		CD08ECB52258731400C3EF3B /* LaunchScreen.storyboard in Resources */ = {isa = PBXBuildFile; fileRef = CD08ECB32258731400C3EF3B /* LaunchScreen.storyboard */; };
		CD08ECC02258731400C3EF3B /* ComplimentTests.swift in Sources */ = {isa = PBXBuildFile; fileRef = CD08ECBF2258731400C3EF3B /* ComplimentTests.swift */; };
		CD08ECCB2258731400C3EF3B /* ComplimentUITests.swift in Sources */ = {isa = PBXBuildFile; fileRef = CD08ECCA2258731400C3EF3B /* ComplimentUITests.swift */; };
		CD08ECF422587C3600C3EF3B /* ComplimentOrientation.swift in Sources */ = {isa = PBXBuildFile; fileRef = CD08ECF322587C3600C3EF3B /* ComplimentOrientation.swift */; };
		CD08ECF722587CC500C3EF3B /* CreateView.swift in Sources */ = {isa = PBXBuildFile; fileRef = CD08ECF622587CC500C3EF3B /* CreateView.swift */; };
		CD08ECF922587F8F00C3EF3B /* ComplimentScrollView.swift in Sources */ = {isa = PBXBuildFile; fileRef = CD08ECF822587F8F00C3EF3B /* ComplimentScrollView.swift */; };
		CD08ECFB225884B600C3EF3B /* ComplimentNotificationManager.swift in Sources */ = {isa = PBXBuildFile; fileRef = CD08ECFA225884B600C3EF3B /* ComplimentNotificationManager.swift */; };
		CD08ED0022588D9600C3EF3B /* CheckViewController.swift in Sources */ = {isa = PBXBuildFile; fileRef = CD08ECFF22588D9600C3EF3B /* CheckViewController.swift */; };
		CD08ED0222588F1A00C3EF3B /* SelectViewController.swift in Sources */ = {isa = PBXBuildFile; fileRef = CD08ED0122588F1A00C3EF3B /* SelectViewController.swift */; };
		CD08ED0422588F5000C3EF3B /* SelectView.swift in Sources */ = {isa = PBXBuildFile; fileRef = CD08ED0322588F5000C3EF3B /* SelectView.swift */; };
		CD08ED06225897D700C3EF3B /* CheckView.swift in Sources */ = {isa = PBXBuildFile; fileRef = CD08ED05225897D700C3EF3B /* CheckView.swift */; };
		CD08ED082258994200C3EF3B /* CheckCollectionViewCell.swift in Sources */ = {isa = PBXBuildFile; fileRef = CD08ED072258994200C3EF3B /* CheckCollectionViewCell.swift */; };
		D431583E373999BDED711220 /* Pods_ComplimentTests.framework in Frameworks */ = {isa = PBXBuildFile; fileRef = 826D6CE3F53B7BE4CE8EF6B2 /* Pods_ComplimentTests.framework */; };
		FBAC7FEF99D9A4BA025BE7F9 /* Pods_Compliment.framework in Frameworks */ = {isa = PBXBuildFile; fileRef = C9005F81EE2F487AAC3F5CFA /* Pods_Compliment.framework */; };
/* End PBXBuildFile section */

/* Begin PBXContainerItemProxy section */
		CD08ECBC2258731400C3EF3B /* PBXContainerItemProxy */ = {
			isa = PBXContainerItemProxy;
			containerPortal = CD08EC9F2258731300C3EF3B /* Project object */;
			proxyType = 1;
			remoteGlobalIDString = CD08ECA62258731300C3EF3B;
			remoteInfo = Compliment;
		};
		CD08ECC72258731400C3EF3B /* PBXContainerItemProxy */ = {
			isa = PBXContainerItemProxy;
			containerPortal = CD08EC9F2258731300C3EF3B /* Project object */;
			proxyType = 1;
			remoteGlobalIDString = CD08ECA62258731300C3EF3B;
			remoteInfo = Compliment;
		};
/* End PBXContainerItemProxy section */

/* Begin PBXFileReference section */
		3108C24A12130D046DACD650 /* Pods-ComplimentUITests.release.xcconfig */ = {isa = PBXFileReference; includeInIndex = 1; lastKnownFileType = text.xcconfig; name = "Pods-ComplimentUITests.release.xcconfig"; path = "Pods/Target Support Files/Pods-ComplimentUITests/Pods-ComplimentUITests.release.xcconfig"; sourceTree = "<group>"; };
		32D08C13343BBB395EABBDFF /* Pods-ComplimentTests.debug.xcconfig */ = {isa = PBXFileReference; includeInIndex = 1; lastKnownFileType = text.xcconfig; name = "Pods-ComplimentTests.debug.xcconfig"; path = "Pods/Target Support Files/Pods-ComplimentTests/Pods-ComplimentTests.debug.xcconfig"; sourceTree = "<group>"; };
		751D24A193DC3FCDCAFBD798 /* Pods_ComplimentUITests.framework */ = {isa = PBXFileReference; explicitFileType = wrapper.framework; includeInIndex = 0; path = Pods_ComplimentUITests.framework; sourceTree = BUILT_PRODUCTS_DIR; };
		826D6CE3F53B7BE4CE8EF6B2 /* Pods_ComplimentTests.framework */ = {isa = PBXFileReference; explicitFileType = wrapper.framework; includeInIndex = 0; path = Pods_ComplimentTests.framework; sourceTree = BUILT_PRODUCTS_DIR; };
		82AD026EED3F895F502A876F /* Pods-ComplimentTests.release.xcconfig */ = {isa = PBXFileReference; includeInIndex = 1; lastKnownFileType = text.xcconfig; name = "Pods-ComplimentTests.release.xcconfig"; path = "Pods/Target Support Files/Pods-ComplimentTests/Pods-ComplimentTests.release.xcconfig"; sourceTree = "<group>"; };
		A425CDA44604DFE77B15F475 /* Pods-Compliment.debug.xcconfig */ = {isa = PBXFileReference; includeInIndex = 1; lastKnownFileType = text.xcconfig; name = "Pods-Compliment.debug.xcconfig"; path = "Pods/Target Support Files/Pods-Compliment/Pods-Compliment.debug.xcconfig"; sourceTree = "<group>"; };
		B13A9517EB6953E1044065AF /* Pods-Compliment.release.xcconfig */ = {isa = PBXFileReference; includeInIndex = 1; lastKnownFileType = text.xcconfig; name = "Pods-Compliment.release.xcconfig"; path = "Pods/Target Support Files/Pods-Compliment/Pods-Compliment.release.xcconfig"; sourceTree = "<group>"; };
		C9005F81EE2F487AAC3F5CFA /* Pods_Compliment.framework */ = {isa = PBXFileReference; explicitFileType = wrapper.framework; includeInIndex = 0; path = Pods_Compliment.framework; sourceTree = BUILT_PRODUCTS_DIR; };
		CD08ECA72258731300C3EF3B /* Compliment.app */ = {isa = PBXFileReference; explicitFileType = wrapper.application; includeInIndex = 0; path = Compliment.app; sourceTree = BUILT_PRODUCTS_DIR; };
		CD08ECAA2258731300C3EF3B /* AppDelegate.swift */ = {isa = PBXFileReference; lastKnownFileType = sourcecode.swift; path = AppDelegate.swift; sourceTree = "<group>"; };
		CD08ECAC2258731300C3EF3B /* CreateViewController.swift */ = {isa = PBXFileReference; lastKnownFileType = sourcecode.swift; path = CreateViewController.swift; sourceTree = "<group>"; };
		CD08ECB12258731400C3EF3B /* Assets.xcassets */ = {isa = PBXFileReference; lastKnownFileType = folder.assetcatalog; path = Assets.xcassets; sourceTree = "<group>"; };
		CD08ECB42258731400C3EF3B /* Base */ = {isa = PBXFileReference; lastKnownFileType = file.storyboard; name = Base; path = Base.lproj/LaunchScreen.storyboard; sourceTree = "<group>"; };
		CD08ECB62258731400C3EF3B /* Info.plist */ = {isa = PBXFileReference; lastKnownFileType = text.plist.xml; path = Info.plist; sourceTree = "<group>"; };
		CD08ECBB2258731400C3EF3B /* ComplimentTests.xctest */ = {isa = PBXFileReference; explicitFileType = wrapper.cfbundle; includeInIndex = 0; path = ComplimentTests.xctest; sourceTree = BUILT_PRODUCTS_DIR; };
		CD08ECBF2258731400C3EF3B /* ComplimentTests.swift */ = {isa = PBXFileReference; lastKnownFileType = sourcecode.swift; path = ComplimentTests.swift; sourceTree = "<group>"; };
		CD08ECC12258731400C3EF3B /* Info.plist */ = {isa = PBXFileReference; lastKnownFileType = text.plist.xml; path = Info.plist; sourceTree = "<group>"; };
		CD08ECC62258731400C3EF3B /* ComplimentUITests.xctest */ = {isa = PBXFileReference; explicitFileType = wrapper.cfbundle; includeInIndex = 0; path = ComplimentUITests.xctest; sourceTree = BUILT_PRODUCTS_DIR; };
		CD08ECCA2258731400C3EF3B /* ComplimentUITests.swift */ = {isa = PBXFileReference; lastKnownFileType = sourcecode.swift; path = ComplimentUITests.swift; sourceTree = "<group>"; };
		CD08ECCC2258731400C3EF3B /* Info.plist */ = {isa = PBXFileReference; lastKnownFileType = text.plist.xml; path = Info.plist; sourceTree = "<group>"; };
		CD08ECF322587C3600C3EF3B /* ComplimentOrientation.swift */ = {isa = PBXFileReference; lastKnownFileType = sourcecode.swift; path = ComplimentOrientation.swift; sourceTree = "<group>"; };
		CD08ECF622587CC500C3EF3B /* CreateView.swift */ = {isa = PBXFileReference; lastKnownFileType = sourcecode.swift; path = CreateView.swift; sourceTree = "<group>"; };
		CD08ECF822587F8F00C3EF3B /* ComplimentScrollView.swift */ = {isa = PBXFileReference; lastKnownFileType = sourcecode.swift; path = ComplimentScrollView.swift; sourceTree = "<group>"; };
		CD08ECFA225884B600C3EF3B /* ComplimentNotificationManager.swift */ = {isa = PBXFileReference; lastKnownFileType = sourcecode.swift; path = ComplimentNotificationManager.swift; sourceTree = "<group>"; };
		CD08ECFF22588D9600C3EF3B /* CheckViewController.swift */ = {isa = PBXFileReference; lastKnownFileType = sourcecode.swift; path = CheckViewController.swift; sourceTree = "<group>"; };
		CD08ED0122588F1A00C3EF3B /* SelectViewController.swift */ = {isa = PBXFileReference; lastKnownFileType = sourcecode.swift; path = SelectViewController.swift; sourceTree = "<group>"; };
		CD08ED0322588F5000C3EF3B /* SelectView.swift */ = {isa = PBXFileReference; lastKnownFileType = sourcecode.swift; path = SelectView.swift; sourceTree = "<group>"; };
		CD08ED05225897D700C3EF3B /* CheckView.swift */ = {isa = PBXFileReference; lastKnownFileType = sourcecode.swift; path = CheckView.swift; sourceTree = "<group>"; };
		CD08ED072258994200C3EF3B /* CheckCollectionViewCell.swift */ = {isa = PBXFileReference; lastKnownFileType = sourcecode.swift; path = CheckCollectionViewCell.swift; sourceTree = "<group>"; };
		F57DB748A87F565AAF696292 /* Pods-ComplimentUITests.debug.xcconfig */ = {isa = PBXFileReference; includeInIndex = 1; lastKnownFileType = text.xcconfig; name = "Pods-ComplimentUITests.debug.xcconfig"; path = "Pods/Target Support Files/Pods-ComplimentUITests/Pods-ComplimentUITests.debug.xcconfig"; sourceTree = "<group>"; };
/* End PBXFileReference section */

/* Begin PBXFrameworksBuildPhase section */
		CD08ECA42258731300C3EF3B /* Frameworks */ = {
			isa = PBXFrameworksBuildPhase;
			buildActionMask = 2147483647;
			files = (
				FBAC7FEF99D9A4BA025BE7F9 /* Pods_Compliment.framework in Frameworks */,
			);
			runOnlyForDeploymentPostprocessing = 0;
		};
		CD08ECB82258731400C3EF3B /* Frameworks */ = {
			isa = PBXFrameworksBuildPhase;
			buildActionMask = 2147483647;
			files = (
				D431583E373999BDED711220 /* Pods_ComplimentTests.framework in Frameworks */,
			);
			runOnlyForDeploymentPostprocessing = 0;
		};
		CD08ECC32258731400C3EF3B /* Frameworks */ = {
			isa = PBXFrameworksBuildPhase;
			buildActionMask = 2147483647;
			files = (
				A9BD2603C3F9F6CB2C7405E4 /* Pods_ComplimentUITests.framework in Frameworks */,
			);
			runOnlyForDeploymentPostprocessing = 0;
		};
/* End PBXFrameworksBuildPhase section */

/* Begin PBXGroup section */
		81DFBAFE9664355C36AA9096 /* Frameworks */ = {
			isa = PBXGroup;
			children = (
				C9005F81EE2F487AAC3F5CFA /* Pods_Compliment.framework */,
				826D6CE3F53B7BE4CE8EF6B2 /* Pods_ComplimentTests.framework */,
				751D24A193DC3FCDCAFBD798 /* Pods_ComplimentUITests.framework */,
			);
			name = Frameworks;
			sourceTree = "<group>";
		};
		9A427AEF1CF2479C3EB8E34F /* Pods */ = {
			isa = PBXGroup;
			children = (
				A425CDA44604DFE77B15F475 /* Pods-Compliment.debug.xcconfig */,
				B13A9517EB6953E1044065AF /* Pods-Compliment.release.xcconfig */,
				32D08C13343BBB395EABBDFF /* Pods-ComplimentTests.debug.xcconfig */,
				82AD026EED3F895F502A876F /* Pods-ComplimentTests.release.xcconfig */,
				F57DB748A87F565AAF696292 /* Pods-ComplimentUITests.debug.xcconfig */,
				3108C24A12130D046DACD650 /* Pods-ComplimentUITests.release.xcconfig */,
			);
			name = Pods;
			sourceTree = "<group>";
		};
		CD08EC9E2258731300C3EF3B = {
			isa = PBXGroup;
			children = (
				CD08ECA92258731300C3EF3B /* Compliment */,
				CD08ECBE2258731400C3EF3B /* ComplimentTests */,
				CD08ECC92258731400C3EF3B /* ComplimentUITests */,
				CD08ECA82258731300C3EF3B /* Products */,
				9A427AEF1CF2479C3EB8E34F /* Pods */,
				81DFBAFE9664355C36AA9096 /* Frameworks */,
			);
			sourceTree = "<group>";
		};
		CD08ECA82258731300C3EF3B /* Products */ = {
			isa = PBXGroup;
			children = (
				CD08ECA72258731300C3EF3B /* Compliment.app */,
				CD08ECBB2258731400C3EF3B /* ComplimentTests.xctest */,
				CD08ECC62258731400C3EF3B /* ComplimentUITests.xctest */,
			);
			name = Products;
			sourceTree = "<group>";
		};
		CD08ECA92258731300C3EF3B /* Compliment */ = {
			isa = PBXGroup;
			children = (
				CD08ECDA2258744800C3EF3B /* Support */,
				CD08ECDB2258745000C3EF3B /* Controller */,
				CD08ECF522587CB900C3EF3B /* View */,
				CD08ECB62258731400C3EF3B /* Info.plist */,
				CD08ECF122587C1C00C3EF3B /* Utility */,
			);
			path = Compliment;
			sourceTree = "<group>";
		};
		CD08ECBE2258731400C3EF3B /* ComplimentTests */ = {
			isa = PBXGroup;
			children = (
				CD08ECBF2258731400C3EF3B /* ComplimentTests.swift */,
				CD08ECC12258731400C3EF3B /* Info.plist */,
			);
			path = ComplimentTests;
			sourceTree = "<group>";
		};
		CD08ECC92258731400C3EF3B /* ComplimentUITests */ = {
			isa = PBXGroup;
			children = (
				CD08ECCA2258731400C3EF3B /* ComplimentUITests.swift */,
				CD08ECCC2258731400C3EF3B /* Info.plist */,
			);
			path = ComplimentUITests;
			sourceTree = "<group>";
		};
		CD08ECDA2258744800C3EF3B /* Support */ = {
			isa = PBXGroup;
			children = (
				CD08ECAA2258731300C3EF3B /* AppDelegate.swift */,
				CD08ECB12258731400C3EF3B /* Assets.xcassets */,
				CD08ECB32258731400C3EF3B /* LaunchScreen.storyboard */,
			);
			path = Support;
			sourceTree = "<group>";
		};
		CD08ECDB2258745000C3EF3B /* Controller */ = {
			isa = PBXGroup;
			children = (
				CD08ECAC2258731300C3EF3B /* CreateViewController.swift */,
				CD08ED0122588F1A00C3EF3B /* SelectViewController.swift */,
				CD08ECFF22588D9600C3EF3B /* CheckViewController.swift */,
			);
			path = Controller;
			sourceTree = "<group>";
		};
		CD08ECF122587C1C00C3EF3B /* Utility */ = {
			isa = PBXGroup;
			children = (
				CD08ECF222587C2900C3EF3B /* Supporting */,
			);
			path = Utility;
			sourceTree = "<group>";
		};
		CD08ECF222587C2900C3EF3B /* Supporting */ = {
			isa = PBXGroup;
			children = (
				CD08ECF322587C3600C3EF3B /* ComplimentOrientation.swift */,
				CD08ECF822587F8F00C3EF3B /* ComplimentScrollView.swift */,
				CD08ECFA225884B600C3EF3B /* ComplimentNotificationManager.swift */,
			);
			path = Supporting;
			sourceTree = "<group>";
		};
		CD08ECF522587CB900C3EF3B /* View */ = {
			isa = PBXGroup;
			children = (
				CD08ECF622587CC500C3EF3B /* CreateView.swift */,
				CD08ED0322588F5000C3EF3B /* SelectView.swift */,
				CD08ED05225897D700C3EF3B /* CheckView.swift */,
				CD08ED072258994200C3EF3B /* CheckCollectionViewCell.swift */,
			);
			path = View;
			sourceTree = "<group>";
		};
/* End PBXGroup section */

/* Begin PBXNativeTarget section */
		CD08ECA62258731300C3EF3B /* Compliment */ = {
			isa = PBXNativeTarget;
			buildConfigurationList = CD08ECCF2258731400C3EF3B /* Build configuration list for PBXNativeTarget "Compliment" */;
			buildPhases = (
				C0DB5C0D9E54B0110C625627 /* [CP] Check Pods Manifest.lock */,
				CD08ECA32258731300C3EF3B /* Sources */,
				CD08ECA42258731300C3EF3B /* Frameworks */,
				CD08ECA52258731300C3EF3B /* Resources */,
				DCE2D7163939BFFC9D181720 /* [CP] Embed Pods Frameworks */,
			);
			buildRules = (
			);
			dependencies = (
			);
			name = Compliment;
			productName = Compliment;
			productReference = CD08ECA72258731300C3EF3B /* Compliment.app */;
			productType = "com.apple.product-type.application";
		};
		CD08ECBA2258731400C3EF3B /* ComplimentTests */ = {
			isa = PBXNativeTarget;
			buildConfigurationList = CD08ECD22258731400C3EF3B /* Build configuration list for PBXNativeTarget "ComplimentTests" */;
			buildPhases = (
				3E3D417D7A46C8157D7AC528 /* [CP] Check Pods Manifest.lock */,
				CD08ECB72258731400C3EF3B /* Sources */,
				CD08ECB82258731400C3EF3B /* Frameworks */,
				CD08ECB92258731400C3EF3B /* Resources */,
			);
			buildRules = (
			);
			dependencies = (
				CD08ECBD2258731400C3EF3B /* PBXTargetDependency */,
			);
			name = ComplimentTests;
			productName = ComplimentTests;
			productReference = CD08ECBB2258731400C3EF3B /* ComplimentTests.xctest */;
			productType = "com.apple.product-type.bundle.unit-test";
		};
		CD08ECC52258731400C3EF3B /* ComplimentUITests */ = {
			isa = PBXNativeTarget;
			buildConfigurationList = CD08ECD52258731400C3EF3B /* Build configuration list for PBXNativeTarget "ComplimentUITests" */;
			buildPhases = (
				D4087E6F88E5D0FA06B4ABDE /* [CP] Check Pods Manifest.lock */,
				CD08ECC22258731400C3EF3B /* Sources */,
				CD08ECC32258731400C3EF3B /* Frameworks */,
				CD08ECC42258731400C3EF3B /* Resources */,
			);
			buildRules = (
			);
			dependencies = (
				CD08ECC82258731400C3EF3B /* PBXTargetDependency */,
			);
			name = ComplimentUITests;
			productName = ComplimentUITests;
			productReference = CD08ECC62258731400C3EF3B /* ComplimentUITests.xctest */;
			productType = "com.apple.product-type.bundle.ui-testing";
		};
/* End PBXNativeTarget section */

/* Begin PBXProject section */
		CD08EC9F2258731300C3EF3B /* Project object */ = {
			isa = PBXProject;
			attributes = {
				LastSwiftUpdateCheck = 1010;
				LastUpgradeCheck = 1010;
				ORGANIZATIONNAME = jeonminseop;
				TargetAttributes = {
					CD08ECA62258731300C3EF3B = {
						CreatedOnToolsVersion = 10.1;
					};
					CD08ECBA2258731400C3EF3B = {
						CreatedOnToolsVersion = 10.1;
						TestTargetID = CD08ECA62258731300C3EF3B;
					};
					CD08ECC52258731400C3EF3B = {
						CreatedOnToolsVersion = 10.1;
						TestTargetID = CD08ECA62258731300C3EF3B;
					};
				};
			};
			buildConfigurationList = CD08ECA22258731300C3EF3B /* Build configuration list for PBXProject "Compliment" */;
			compatibilityVersion = "Xcode 9.3";
			developmentRegion = en;
			hasScannedForEncodings = 0;
			knownRegions = (
				en,
				Base,
			);
			mainGroup = CD08EC9E2258731300C3EF3B;
			productRefGroup = CD08ECA82258731300C3EF3B /* Products */;
			projectDirPath = "";
			projectRoot = "";
			targets = (
				CD08ECA62258731300C3EF3B /* Compliment */,
				CD08ECBA2258731400C3EF3B /* ComplimentTests */,
				CD08ECC52258731400C3EF3B /* ComplimentUITests */,
			);
		};
/* End PBXProject section */

/* Begin PBXResourcesBuildPhase section */
		CD08ECA52258731300C3EF3B /* Resources */ = {
			isa = PBXResourcesBuildPhase;
			buildActionMask = 2147483647;
			files = (
				CD08ECB52258731400C3EF3B /* LaunchScreen.storyboard in Resources */,
				CD08ECB22258731400C3EF3B /* Assets.xcassets in Resources */,
			);
			runOnlyForDeploymentPostprocessing = 0;
		};
		CD08ECB92258731400C3EF3B /* Resources */ = {
			isa = PBXResourcesBuildPhase;
			buildActionMask = 2147483647;
			files = (
			);
			runOnlyForDeploymentPostprocessing = 0;
		};
		CD08ECC42258731400C3EF3B /* Resources */ = {
			isa = PBXResourcesBuildPhase;
			buildActionMask = 2147483647;
			files = (
			);
			runOnlyForDeploymentPostprocessing = 0;
		};
/* End PBXResourcesBuildPhase section */

/* Begin PBXShellScriptBuildPhase section */
		3E3D417D7A46C8157D7AC528 /* [CP] Check Pods Manifest.lock */ = {
			isa = PBXShellScriptBuildPhase;
			buildActionMask = 2147483647;
			files = (
			);
			inputFileListPaths = (
			);
			inputPaths = (
				"${PODS_PODFILE_DIR_PATH}/Podfile.lock",
				"${PODS_ROOT}/Manifest.lock",
			);
			name = "[CP] Check Pods Manifest.lock";
			outputFileListPaths = (
			);
			outputPaths = (
				"$(DERIVED_FILE_DIR)/Pods-ComplimentTests-checkManifestLockResult.txt",
			);
			runOnlyForDeploymentPostprocessing = 0;
			shellPath = /bin/sh;
			shellScript = "diff \"${PODS_PODFILE_DIR_PATH}/Podfile.lock\" \"${PODS_ROOT}/Manifest.lock\" > /dev/null\nif [ $? != 0 ] ; then\n    # print error to STDERR\n    echo \"error: The sandbox is not in sync with the Podfile.lock. Run 'pod install' or update your CocoaPods installation.\" >&2\n    exit 1\nfi\n# This output is used by Xcode 'outputs' to avoid re-running this script phase.\necho \"SUCCESS\" > \"${SCRIPT_OUTPUT_FILE_0}\"\n";
			showEnvVarsInLog = 0;
		};
		C0DB5C0D9E54B0110C625627 /* [CP] Check Pods Manifest.lock */ = {
			isa = PBXShellScriptBuildPhase;
			buildActionMask = 2147483647;
			files = (
			);
			inputFileListPaths = (
			);
			inputPaths = (
				"${PODS_PODFILE_DIR_PATH}/Podfile.lock",
				"${PODS_ROOT}/Manifest.lock",
			);
			name = "[CP] Check Pods Manifest.lock";
			outputFileListPaths = (
			);
			outputPaths = (
				"$(DERIVED_FILE_DIR)/Pods-Compliment-checkManifestLockResult.txt",
			);
			runOnlyForDeploymentPostprocessing = 0;
			shellPath = /bin/sh;
			shellScript = "diff \"${PODS_PODFILE_DIR_PATH}/Podfile.lock\" \"${PODS_ROOT}/Manifest.lock\" > /dev/null\nif [ $? != 0 ] ; then\n    # print error to STDERR\n    echo \"error: The sandbox is not in sync with the Podfile.lock. Run 'pod install' or update your CocoaPods installation.\" >&2\n    exit 1\nfi\n# This output is used by Xcode 'outputs' to avoid re-running this script phase.\necho \"SUCCESS\" > \"${SCRIPT_OUTPUT_FILE_0}\"\n";
			showEnvVarsInLog = 0;
		};
		D4087E6F88E5D0FA06B4ABDE /* [CP] Check Pods Manifest.lock */ = {
			isa = PBXShellScriptBuildPhase;
			buildActionMask = 2147483647;
			files = (
			);
			inputFileListPaths = (
			);
			inputPaths = (
				"${PODS_PODFILE_DIR_PATH}/Podfile.lock",
				"${PODS_ROOT}/Manifest.lock",
			);
			name = "[CP] Check Pods Manifest.lock";
			outputFileListPaths = (
			);
			outputPaths = (
				"$(DERIVED_FILE_DIR)/Pods-ComplimentUITests-checkManifestLockResult.txt",
			);
			runOnlyForDeploymentPostprocessing = 0;
			shellPath = /bin/sh;
			shellScript = "diff \"${PODS_PODFILE_DIR_PATH}/Podfile.lock\" \"${PODS_ROOT}/Manifest.lock\" > /dev/null\nif [ $? != 0 ] ; then\n    # print error to STDERR\n    echo \"error: The sandbox is not in sync with the Podfile.lock. Run 'pod install' or update your CocoaPods installation.\" >&2\n    exit 1\nfi\n# This output is used by Xcode 'outputs' to avoid re-running this script phase.\necho \"SUCCESS\" > \"${SCRIPT_OUTPUT_FILE_0}\"\n";
			showEnvVarsInLog = 0;
		};
		DCE2D7163939BFFC9D181720 /* [CP] Embed Pods Frameworks */ = {
			isa = PBXShellScriptBuildPhase;
			buildActionMask = 2147483647;
			files = (
			);
			inputFileListPaths = (
			);
			inputPaths = (
				"${SRCROOT}/Pods/Target Support Files/Pods-Compliment/Pods-Compliment-frameworks.sh",
				"${BUILT_PRODUCTS_DIR}/TinyConstraints/TinyConstraints.framework",
			);
			name = "[CP] Embed Pods Frameworks";
			outputFileListPaths = (
			);
			outputPaths = (
				"${TARGET_BUILD_DIR}/${FRAMEWORKS_FOLDER_PATH}/TinyConstraints.framework",
			);
			runOnlyForDeploymentPostprocessing = 0;
			shellPath = /bin/sh;
			shellScript = "\"${SRCROOT}/Pods/Target Support Files/Pods-Compliment/Pods-Compliment-frameworks.sh\"\n";
			showEnvVarsInLog = 0;
		};
/* End PBXShellScriptBuildPhase section */

/* Begin PBXSourcesBuildPhase section */
		CD08ECA32258731300C3EF3B /* Sources */ = {
			isa = PBXSourcesBuildPhase;
			buildActionMask = 2147483647;
			files = (
				CD08ECF422587C3600C3EF3B /* ComplimentOrientation.swift in Sources */,
				CD08ED082258994200C3EF3B /* CheckCollectionViewCell.swift in Sources */,
				CD08ECAD2258731300C3EF3B /* CreateViewController.swift in Sources */,
				CD08ECF722587CC500C3EF3B /* CreateView.swift in Sources */,
				CD08ECF922587F8F00C3EF3B /* ComplimentScrollView.swift in Sources */,
				CD08ED0222588F1A00C3EF3B /* SelectViewController.swift in Sources */,
				CD08ECFB225884B600C3EF3B /* ComplimentNotificationManager.swift in Sources */,
				CD08ECAB2258731300C3EF3B /* AppDelegate.swift in Sources */,
				CD08ED0022588D9600C3EF3B /* CheckViewController.swift in Sources */,
				CD08ED0422588F5000C3EF3B /* SelectView.swift in Sources */,
				CD08ED06225897D700C3EF3B /* CheckView.swift in Sources */,
			);
			runOnlyForDeploymentPostprocessing = 0;
		};
		CD08ECB72258731400C3EF3B /* Sources */ = {
			isa = PBXSourcesBuildPhase;
			buildActionMask = 2147483647;
			files = (
				CD08ECC02258731400C3EF3B /* ComplimentTests.swift in Sources */,
			);
			runOnlyForDeploymentPostprocessing = 0;
		};
		CD08ECC22258731400C3EF3B /* Sources */ = {
			isa = PBXSourcesBuildPhase;
			buildActionMask = 2147483647;
			files = (
				CD08ECCB2258731400C3EF3B /* ComplimentUITests.swift in Sources */,
			);
			runOnlyForDeploymentPostprocessing = 0;
		};
/* End PBXSourcesBuildPhase section */

/* Begin PBXTargetDependency section */
		CD08ECBD2258731400C3EF3B /* PBXTargetDependency */ = {
			isa = PBXTargetDependency;
			target = CD08ECA62258731300C3EF3B /* Compliment */;
			targetProxy = CD08ECBC2258731400C3EF3B /* PBXContainerItemProxy */;
		};
		CD08ECC82258731400C3EF3B /* PBXTargetDependency */ = {
			isa = PBXTargetDependency;
			target = CD08ECA62258731300C3EF3B /* Compliment */;
			targetProxy = CD08ECC72258731400C3EF3B /* PBXContainerItemProxy */;
		};
/* End PBXTargetDependency section */

/* Begin PBXVariantGroup section */
		CD08ECB32258731400C3EF3B /* LaunchScreen.storyboard */ = {
			isa = PBXVariantGroup;
			children = (
				CD08ECB42258731400C3EF3B /* Base */,
			);
			name = LaunchScreen.storyboard;
			sourceTree = "<group>";
		};
/* End PBXVariantGroup section */

/* Begin XCBuildConfiguration section */
		CD08ECCD2258731400C3EF3B /* Debug */ = {
			isa = XCBuildConfiguration;
			buildSettings = {
				ALWAYS_SEARCH_USER_PATHS = NO;
				CLANG_ANALYZER_NONNULL = YES;
				CLANG_ANALYZER_NUMBER_OBJECT_CONVERSION = YES_AGGRESSIVE;
				CLANG_CXX_LANGUAGE_STANDARD = "gnu++14";
				CLANG_CXX_LIBRARY = "libc++";
				CLANG_ENABLE_MODULES = YES;
				CLANG_ENABLE_OBJC_ARC = YES;
				CLANG_ENABLE_OBJC_WEAK = YES;
				CLANG_WARN_BLOCK_CAPTURE_AUTORELEASING = YES;
				CLANG_WARN_BOOL_CONVERSION = YES;
				CLANG_WARN_COMMA = YES;
				CLANG_WARN_CONSTANT_CONVERSION = YES;
				CLANG_WARN_DEPRECATED_OBJC_IMPLEMENTATIONS = YES;
				CLANG_WARN_DIRECT_OBJC_ISA_USAGE = YES_ERROR;
				CLANG_WARN_DOCUMENTATION_COMMENTS = YES;
				CLANG_WARN_EMPTY_BODY = YES;
				CLANG_WARN_ENUM_CONVERSION = YES;
				CLANG_WARN_INFINITE_RECURSION = YES;
				CLANG_WARN_INT_CONVERSION = YES;
				CLANG_WARN_NON_LITERAL_NULL_CONVERSION = YES;
				CLANG_WARN_OBJC_IMPLICIT_RETAIN_SELF = YES;
				CLANG_WARN_OBJC_LITERAL_CONVERSION = YES;
				CLANG_WARN_OBJC_ROOT_CLASS = YES_ERROR;
				CLANG_WARN_RANGE_LOOP_ANALYSIS = YES;
				CLANG_WARN_STRICT_PROTOTYPES = YES;
				CLANG_WARN_SUSPICIOUS_MOVE = YES;
				CLANG_WARN_UNGUARDED_AVAILABILITY = YES_AGGRESSIVE;
				CLANG_WARN_UNREACHABLE_CODE = YES;
				CLANG_WARN__DUPLICATE_METHOD_MATCH = YES;
				CODE_SIGN_IDENTITY = "iPhone Developer";
				COPY_PHASE_STRIP = NO;
				DEBUG_INFORMATION_FORMAT = dwarf;
				ENABLE_STRICT_OBJC_MSGSEND = YES;
				ENABLE_TESTABILITY = YES;
				GCC_C_LANGUAGE_STANDARD = gnu11;
				GCC_DYNAMIC_NO_PIC = NO;
				GCC_NO_COMMON_BLOCKS = YES;
				GCC_OPTIMIZATION_LEVEL = 0;
				GCC_PREPROCESSOR_DEFINITIONS = (
					"DEBUG=1",
					"$(inherited)",
				);
				GCC_WARN_64_TO_32_BIT_CONVERSION = YES;
				GCC_WARN_ABOUT_RETURN_TYPE = YES_ERROR;
				GCC_WARN_UNDECLARED_SELECTOR = YES;
				GCC_WARN_UNINITIALIZED_AUTOS = YES_AGGRESSIVE;
				GCC_WARN_UNUSED_FUNCTION = YES;
				GCC_WARN_UNUSED_VARIABLE = YES;
				IPHONEOS_DEPLOYMENT_TARGET = 12.1;
				MTL_ENABLE_DEBUG_INFO = INCLUDE_SOURCE;
				MTL_FAST_MATH = YES;
				ONLY_ACTIVE_ARCH = YES;
				SDKROOT = iphoneos;
				SWIFT_ACTIVE_COMPILATION_CONDITIONS = DEBUG;
				SWIFT_OPTIMIZATION_LEVEL = "-Onone";
			};
			name = Debug;
		};
		CD08ECCE2258731400C3EF3B /* Release */ = {
			isa = XCBuildConfiguration;
			buildSettings = {
				ALWAYS_SEARCH_USER_PATHS = NO;
				CLANG_ANALYZER_NONNULL = YES;
				CLANG_ANALYZER_NUMBER_OBJECT_CONVERSION = YES_AGGRESSIVE;
				CLANG_CXX_LANGUAGE_STANDARD = "gnu++14";
				CLANG_CXX_LIBRARY = "libc++";
				CLANG_ENABLE_MODULES = YES;
				CLANG_ENABLE_OBJC_ARC = YES;
				CLANG_ENABLE_OBJC_WEAK = YES;
				CLANG_WARN_BLOCK_CAPTURE_AUTORELEASING = YES;
				CLANG_WARN_BOOL_CONVERSION = YES;
				CLANG_WARN_COMMA = YES;
				CLANG_WARN_CONSTANT_CONVERSION = YES;
				CLANG_WARN_DEPRECATED_OBJC_IMPLEMENTATIONS = YES;
				CLANG_WARN_DIRECT_OBJC_ISA_USAGE = YES_ERROR;
				CLANG_WARN_DOCUMENTATION_COMMENTS = YES;
				CLANG_WARN_EMPTY_BODY = YES;
				CLANG_WARN_ENUM_CONVERSION = YES;
				CLANG_WARN_INFINITE_RECURSION = YES;
				CLANG_WARN_INT_CONVERSION = YES;
				CLANG_WARN_NON_LITERAL_NULL_CONVERSION = YES;
				CLANG_WARN_OBJC_IMPLICIT_RETAIN_SELF = YES;
				CLANG_WARN_OBJC_LITERAL_CONVERSION = YES;
				CLANG_WARN_OBJC_ROOT_CLASS = YES_ERROR;
				CLANG_WARN_RANGE_LOOP_ANALYSIS = YES;
				CLANG_WARN_STRICT_PROTOTYPES = YES;
				CLANG_WARN_SUSPICIOUS_MOVE = YES;
				CLANG_WARN_UNGUARDED_AVAILABILITY = YES_AGGRESSIVE;
				CLANG_WARN_UNREACHABLE_CODE = YES;
				CLANG_WARN__DUPLICATE_METHOD_MATCH = YES;
				CODE_SIGN_IDENTITY = "iPhone Developer";
				COPY_PHASE_STRIP = NO;
				DEBUG_INFORMATION_FORMAT = "dwarf-with-dsym";
				ENABLE_NS_ASSERTIONS = NO;
				ENABLE_STRICT_OBJC_MSGSEND = YES;
				GCC_C_LANGUAGE_STANDARD = gnu11;
				GCC_NO_COMMON_BLOCKS = YES;
				GCC_WARN_64_TO_32_BIT_CONVERSION = YES;
				GCC_WARN_ABOUT_RETURN_TYPE = YES_ERROR;
				GCC_WARN_UNDECLARED_SELECTOR = YES;
				GCC_WARN_UNINITIALIZED_AUTOS = YES_AGGRESSIVE;
				GCC_WARN_UNUSED_FUNCTION = YES;
				GCC_WARN_UNUSED_VARIABLE = YES;
				IPHONEOS_DEPLOYMENT_TARGET = 12.1;
				MTL_ENABLE_DEBUG_INFO = NO;
				MTL_FAST_MATH = YES;
				SDKROOT = iphoneos;
				SWIFT_COMPILATION_MODE = wholemodule;
				SWIFT_OPTIMIZATION_LEVEL = "-O";
				VALIDATE_PRODUCT = YES;
			};
			name = Release;
		};
		CD08ECD02258731400C3EF3B /* Debug */ = {
			isa = XCBuildConfiguration;
			baseConfigurationReference = A425CDA44604DFE77B15F475 /* Pods-Compliment.debug.xcconfig */;
			buildSettings = {
				ASSETCATALOG_COMPILER_APPICON_NAME = AppIcon;
				CODE_SIGN_STYLE = Automatic;
				DEVELOPMENT_TEAM = BY8G5B9E3U;
				INFOPLIST_FILE = Compliment/Info.plist;
				LD_RUNPATH_SEARCH_PATHS = (
					"$(inherited)",
					"@executable_path/Frameworks",
				);
				PRODUCT_BUNDLE_IDENTIFIER = "com.gmail-jeonminsopdev.Compliment";
				PRODUCT_NAME = "$(TARGET_NAME)";
				SWIFT_VERSION = 4.2;
				TARGETED_DEVICE_FAMILY = "1,2";
			};
			name = Debug;
		};
		CD08ECD12258731400C3EF3B /* Release */ = {
			isa = XCBuildConfiguration;
			baseConfigurationReference = B13A9517EB6953E1044065AF /* Pods-Compliment.release.xcconfig */;
			buildSettings = {
				ASSETCATALOG_COMPILER_APPICON_NAME = AppIcon;
				CODE_SIGN_STYLE = Automatic;
				DEVELOPMENT_TEAM = BY8G5B9E3U;
				INFOPLIST_FILE = Compliment/Info.plist;
				LD_RUNPATH_SEARCH_PATHS = (
					"$(inherited)",
					"@executable_path/Frameworks",
				);
				PRODUCT_BUNDLE_IDENTIFIER = "com.gmail-jeonminsopdev.Compliment";
				PRODUCT_NAME = "$(TARGET_NAME)";
				SWIFT_VERSION = 4.2;
				TARGETED_DEVICE_FAMILY = "1,2";
			};
			name = Release;
		};
		CD08ECD32258731400C3EF3B /* Debug */ = {
			isa = XCBuildConfiguration;
			baseConfigurationReference = 32D08C13343BBB395EABBDFF /* Pods-ComplimentTests.debug.xcconfig */;
			buildSettings = {
				ALWAYS_EMBED_SWIFT_STANDARD_LIBRARIES = YES;
				BUNDLE_LOADER = "$(TEST_HOST)";
				CODE_SIGN_STYLE = Automatic;
				DEVELOPMENT_TEAM = BY8G5B9E3U;
				INFOPLIST_FILE = ComplimentTests/Info.plist;
				LD_RUNPATH_SEARCH_PATHS = (
					"$(inherited)",
					"@executable_path/Frameworks",
					"@loader_path/Frameworks",
				);
				PRODUCT_BUNDLE_IDENTIFIER = "com.gmail-jeonminsopdev.ComplimentTests";
				PRODUCT_NAME = "$(TARGET_NAME)";
				SWIFT_VERSION = 4.2;
				TARGETED_DEVICE_FAMILY = "1,2";
				TEST_HOST = "$(BUILT_PRODUCTS_DIR)/Compliment.app/Compliment";
			};
			name = Debug;
		};
		CD08ECD42258731400C3EF3B /* Release */ = {
			isa = XCBuildConfiguration;
			baseConfigurationReference = 82AD026EED3F895F502A876F /* Pods-ComplimentTests.release.xcconfig */;
			buildSettings = {
				ALWAYS_EMBED_SWIFT_STANDARD_LIBRARIES = YES;
				BUNDLE_LOADER = "$(TEST_HOST)";
				CODE_SIGN_STYLE = Automatic;
				DEVELOPMENT_TEAM = BY8G5B9E3U;
				INFOPLIST_FILE = ComplimentTests/Info.plist;
				LD_RUNPATH_SEARCH_PATHS = (
					"$(inherited)",
					"@executable_path/Frameworks",
					"@loader_path/Frameworks",
				);
				PRODUCT_BUNDLE_IDENTIFIER = "com.gmail-jeonminsopdev.ComplimentTests";
				PRODUCT_NAME = "$(TARGET_NAME)";
				SWIFT_VERSION = 4.2;
				TARGETED_DEVICE_FAMILY = "1,2";
				TEST_HOST = "$(BUILT_PRODUCTS_DIR)/Compliment.app/Compliment";
			};
			name = Release;
		};
		CD08ECD62258731400C3EF3B /* Debug */ = {
			isa = XCBuildConfiguration;
			baseConfigurationReference = F57DB748A87F565AAF696292 /* Pods-ComplimentUITests.debug.xcconfig */;
			buildSettings = {
				ALWAYS_EMBED_SWIFT_STANDARD_LIBRARIES = YES;
				CODE_SIGN_STYLE = Automatic;
				DEVELOPMENT_TEAM = BY8G5B9E3U;
				INFOPLIST_FILE = ComplimentUITests/Info.plist;
				LD_RUNPATH_SEARCH_PATHS = (
					"$(inherited)",
					"@executable_path/Frameworks",
					"@loader_path/Frameworks",
				);
				PRODUCT_BUNDLE_IDENTIFIER = "com.gmail-jeonminsopdev.ComplimentUITests";
				PRODUCT_NAME = "$(TARGET_NAME)";
				SWIFT_VERSION = 4.2;
				TARGETED_DEVICE_FAMILY = "1,2";
				TEST_TARGET_NAME = Compliment;
			};
			name = Debug;
		};
		CD08ECD72258731400C3EF3B /* Release */ = {
			isa = XCBuildConfiguration;
			baseConfigurationReference = 3108C24A12130D046DACD650 /* Pods-ComplimentUITests.release.xcconfig */;
			buildSettings = {
				ALWAYS_EMBED_SWIFT_STANDARD_LIBRARIES = YES;
				CODE_SIGN_STYLE = Automatic;
				DEVELOPMENT_TEAM = BY8G5B9E3U;
				INFOPLIST_FILE = ComplimentUITests/Info.plist;
				LD_RUNPATH_SEARCH_PATHS = (
					"$(inherited)",
					"@executable_path/Frameworks",
					"@loader_path/Frameworks",
				);
				PRODUCT_BUNDLE_IDENTIFIER = "com.gmail-jeonminsopdev.ComplimentUITests";
				PRODUCT_NAME = "$(TARGET_NAME)";
				SWIFT_VERSION = 4.2;
				TARGETED_DEVICE_FAMILY = "1,2";
				TEST_TARGET_NAME = Compliment;
			};
			name = Release;
		};
/* End XCBuildConfiguration section */

/* Begin XCConfigurationList section */
		CD08ECA22258731300C3EF3B /* Build configuration list for PBXProject "Compliment" */ = {
			isa = XCConfigurationList;
			buildConfigurations = (
				CD08ECCD2258731400C3EF3B /* Debug */,
				CD08ECCE2258731400C3EF3B /* Release */,
			);
			defaultConfigurationIsVisible = 0;
			defaultConfigurationName = Release;
		};
		CD08ECCF2258731400C3EF3B /* Build configuration list for PBXNativeTarget "Compliment" */ = {
			isa = XCConfigurationList;
			buildConfigurations = (
				CD08ECD02258731400C3EF3B /* Debug */,
				CD08ECD12258731400C3EF3B /* Release */,
			);
			defaultConfigurationIsVisible = 0;
			defaultConfigurationName = Release;
		};
		CD08ECD22258731400C3EF3B /* Build configuration list for PBXNativeTarget "ComplimentTests" */ = {
			isa = XCConfigurationList;
			buildConfigurations = (
				CD08ECD32258731400C3EF3B /* Debug */,
				CD08ECD42258731400C3EF3B /* Release */,
			);
			defaultConfigurationIsVisible = 0;
			defaultConfigurationName = Release;
		};
		CD08ECD52258731400C3EF3B /* Build configuration list for PBXNativeTarget "ComplimentUITests" */ = {
			isa = XCConfigurationList;
			buildConfigurations = (
				CD08ECD62258731400C3EF3B /* Debug */,
				CD08ECD72258731400C3EF3B /* Release */,
			);
			defaultConfigurationIsVisible = 0;
			defaultConfigurationName = Release;
		};
/* End XCConfigurationList section */
	};
	rootObject = CD08EC9F2258731300C3EF3B /* Project object */;
}
